
Microsoft Visual Studio Solution File, Format Version 12.00
# Visual Studio Version 17
VisualStudioVersion = 17.5.33530.505
MinimumVisualStudioVersion = 10.0.40219.1
Project("{FAE04EC0-301F-11D3-BF4B-00C04F79EFBC}") = "IOT_virtual", "IOT_virtual\IOT_virtual.csproj", "{F792F695-47B5-49FC-BE00-DF0228C49BB3}"
EndProject
Global
	GlobalSection(SolutionConfigurationPlatforms) = preSolution
		Debug|Any CPU = Debug|Any CPU
		Release|Any CPU = Release|Any CPU
	EndGlobalSection
	GlobalSection(ProjectConfigurationPlatforms) = postSolution
		{F792F695-47B5-49FC-BE00-DF0228C49BB3}.Debug|Any CPU.ActiveCfg = Debug|Any CPU
		{F792F695-47B5-49FC-BE00-DF0228C49BB3}.Debug|Any CPU.Build.0 = Debug|Any CPU
		{F792F695-47B5-49FC-BE00-DF0228C49BB3}.Release|Any CPU.ActiveCfg = Release|Any CPU
		{F792F695-47B5-49FC-BE00-DF0228C49BB3}.Release|Any CPU.Build.0 = Release|Any CPU
	EndGlobalSection
	GlobalSection(SolutionProperties) = preSolution
		HideSolutionNode = FALSE
	EndGlobalSection
	GlobalSection(ExtensibilityGlobals) = postSolution
		SolutionGuid = {60E06D86-9721-4FC1-9180-89C0F350B38C}
	EndGlobalSection
EndGlobal
